
Microsoft Visual Studio Solution File, Format Version 12.00
# Visual Studio Version 17
VisualStudioVersion = 17.0.31903.59
MinimumVisualStudioVersion = 10.0.40219.1
Project("{9A19103F-16F7-4668-BE54-9A1E7A4F7556}") = "Jordnaer.Client", "src\web\Client\Jordnaer.Client.csproj", "{D81C0086-AC3B-4736-BE10-9449ED876EA2}"
EndProject
Project("{9A19103F-16F7-4668-BE54-9A1E7A4F7556}") = "Jordnaer.Server", "src\web\Server\Jordnaer.Server.csproj", "{748EA5ED-50B9-484C-905E-3E705BBF7E9D}"
EndProject
Project("{9A19103F-16F7-4668-BE54-9A1E7A4F7556}") = "Jordnaer.Shared", "src\web\Shared\Jordnaer.Shared.csproj", "{9EACD23A-8E5B-42F0-B13E-EC31415E15D4}"
EndProject
Project("{2150E333-8FDC-42A3-9474-1A3956D46DE8}") = "src", "src", "{04718F38-85FB-4998-B2FF-AA5B8999BA5D}"
EndProject
Project("{2150E333-8FDC-42A3-9474-1A3956D46DE8}") = "Solution Items", "Solution Items", "{EF8561E8-6A1E-4ED0-851A-913EEC801AFA}"
	ProjectSection(SolutionItems) = preProject
		.editorconfig = .editorconfig
		.gitignore = .gitignore
		.github\dependabot.yml = .github\dependabot.yml
		Directory.Build.props = Directory.Build.props
		README.md = README.md
	EndProjectSection
EndProject
Project("{2150E333-8FDC-42A3-9474-1A3956D46DE8}") = "tests", "tests", "{3F3B23F8-EA95-44B5-B907-5E772A2660E2}"
EndProject
Project("{2150E333-8FDC-42A3-9474-1A3956D46DE8}") = "docs", "docs", "{29332986-70A7-4A4C-B7FD-77E11CC4CCDE}"
	ProjectSection(SolutionItems) = preProject
		docs\chat.md = docs\chat.md
		docs\contact_request.md = docs\contact_request.md
		docs\delete_user.md = docs\delete_user.md
		docs\invite.md = docs\invite.md
	EndProjectSection
EndProject
Project("{2150E333-8FDC-42A3-9474-1A3956D46DE8}") = "web", "web", "{7326F14D-ADB6-4CB0-9AE4-2717133CED27}"
EndProject
Project("{2150E333-8FDC-42A3-9474-1A3956D46DE8}") = "benchmarks", "benchmarks", "{B7172579-75AE-4D50-9328-3B0D80252384}"
EndProject
Project("{9A19103F-16F7-4668-BE54-9A1E7A4F7556}") = "Jordnaer.Server.Benchmarks", "benchmarks\Jordnaer.Server.Benchmarks\Jordnaer.Server.Benchmarks.csproj", "{C1D4867F-93A8-4FEA-902F-F44D500D7457}"
EndProject
Project("{2150E333-8FDC-42A3-9474-1A3956D46DE8}") = "web", "web", "{B4EAF579-8327-4B92-8357-8FF12C21755F}"
EndProject
Project("{2150E333-8FDC-42A3-9474-1A3956D46DE8}") = "container_apps", "container_apps", "{64BD34CA-4E7C-4496-825C-844F1B121959}"
EndProject
Project("{9A19103F-16F7-4668-BE54-9A1E7A4F7556}") = "Jordnaer.Server.Tests", "tests\web\Jordnaer.Server.Tests\Jordnaer.Server.Tests.csproj", "{204EA027-0E1D-4B6F-9B01-C3228B02E901}"
EndProject
Project("{9A19103F-16F7-4668-BE54-9A1E7A4F7556}") = "Jordnaer.Shared.Contracts", "src\Jordnaer.Shared.Contracts\Jordnaer.Shared.Contracts.csproj", "{5B46E1FA-E948-4CF2-8DCD-977FEFDC1763}"
EndProject
Project("{2150E333-8FDC-42A3-9474-1A3956D46DE8}") = "container_apps", "container_apps", "{6BE03F12-3430-4DBC-B669-EE6A4E81D519}"
EndProject
Project("{9A19103F-16F7-4668-BE54-9A1E7A4F7556}") = "Jordnaer.Chat", "src\container_apps\Jordnaer.Chat\Jordnaer.Chat.csproj", "{8CEF7C08-9C8D-45F2-BEF6-88BDE6F966BF}"
EndProject
Project("{9A19103F-16F7-4668-BE54-9A1E7A4F7556}") = "Jordnaer.Chat.Tests", "tests\container_apps\Jordnaer.Chat.Tests\Jordnaer.Chat.Tests.csproj", "{0104E957-D6C4-4FD3-8926-68D0EC9FC658}"
EndProject
Global
	GlobalSection(SolutionConfigurationPlatforms) = preSolution
		Debug|Any CPU = Debug|Any CPU
		Release|Any CPU = Release|Any CPU
	EndGlobalSection
	GlobalSection(ProjectConfigurationPlatforms) = postSolution
		{D81C0086-AC3B-4736-BE10-9449ED876EA2}.Debug|Any CPU.ActiveCfg = Debug|Any CPU
		{D81C0086-AC3B-4736-BE10-9449ED876EA2}.Debug|Any CPU.Build.0 = Debug|Any CPU
		{D81C0086-AC3B-4736-BE10-9449ED876EA2}.Release|Any CPU.ActiveCfg = Release|Any CPU
		{D81C0086-AC3B-4736-BE10-9449ED876EA2}.Release|Any CPU.Build.0 = Release|Any CPU
		{748EA5ED-50B9-484C-905E-3E705BBF7E9D}.Debug|Any CPU.ActiveCfg = Debug|Any CPU
		{748EA5ED-50B9-484C-905E-3E705BBF7E9D}.Debug|Any CPU.Build.0 = Debug|Any CPU
		{748EA5ED-50B9-484C-905E-3E705BBF7E9D}.Release|Any CPU.ActiveCfg = Release|Any CPU
		{748EA5ED-50B9-484C-905E-3E705BBF7E9D}.Release|Any CPU.Build.0 = Release|Any CPU
		{9EACD23A-8E5B-42F0-B13E-EC31415E15D4}.Debug|Any CPU.ActiveCfg = Debug|Any CPU
		{9EACD23A-8E5B-42F0-B13E-EC31415E15D4}.Debug|Any CPU.Build.0 = Debug|Any CPU
		{9EACD23A-8E5B-42F0-B13E-EC31415E15D4}.Release|Any CPU.ActiveCfg = Release|Any CPU
		{9EACD23A-8E5B-42F0-B13E-EC31415E15D4}.Release|Any CPU.Build.0 = Release|Any CPU
		{C1D4867F-93A8-4FEA-902F-F44D500D7457}.Debug|Any CPU.ActiveCfg = Debug|Any CPU
		{C1D4867F-93A8-4FEA-902F-F44D500D7457}.Debug|Any CPU.Build.0 = Debug|Any CPU
		{C1D4867F-93A8-4FEA-902F-F44D500D7457}.Release|Any CPU.ActiveCfg = Release|Any CPU
		{C1D4867F-93A8-4FEA-902F-F44D500D7457}.Release|Any CPU.Build.0 = Release|Any CPU
		{204EA027-0E1D-4B6F-9B01-C3228B02E901}.Debug|Any CPU.ActiveCfg = Debug|Any CPU
		{204EA027-0E1D-4B6F-9B01-C3228B02E901}.Debug|Any CPU.Build.0 = Debug|Any CPU
		{204EA027-0E1D-4B6F-9B01-C3228B02E901}.Release|Any CPU.ActiveCfg = Release|Any CPU
		{204EA027-0E1D-4B6F-9B01-C3228B02E901}.Release|Any CPU.Build.0 = Release|Any CPU
		{5B46E1FA-E948-4CF2-8DCD-977FEFDC1763}.Debug|Any CPU.ActiveCfg = Debug|Any CPU
		{5B46E1FA-E948-4CF2-8DCD-977FEFDC1763}.Debug|Any CPU.Build.0 = Debug|Any CPU
		{5B46E1FA-E948-4CF2-8DCD-977FEFDC1763}.Release|Any CPU.ActiveCfg = Release|Any CPU
		{5B46E1FA-E948-4CF2-8DCD-977FEFDC1763}.Release|Any CPU.Build.0 = Release|Any CPU
		{8CEF7C08-9C8D-45F2-BEF6-88BDE6F966BF}.Debug|Any CPU.ActiveCfg = Debug|Any CPU
		{8CEF7C08-9C8D-45F2-BEF6-88BDE6F966BF}.Debug|Any CPU.Build.0 = Debug|Any CPU
		{8CEF7C08-9C8D-45F2-BEF6-88BDE6F966BF}.Release|Any CPU.ActiveCfg = Release|Any CPU
		{8CEF7C08-9C8D-45F2-BEF6-88BDE6F966BF}.Release|Any CPU.Build.0 = Release|Any CPU
		{0104E957-D6C4-4FD3-8926-68D0EC9FC658}.Debug|Any CPU.ActiveCfg = Debug|Any CPU
		{0104E957-D6C4-4FD3-8926-68D0EC9FC658}.Debug|Any CPU.Build.0 = Debug|Any CPU
		{0104E957-D6C4-4FD3-8926-68D0EC9FC658}.Release|Any CPU.ActiveCfg = Release|Any CPU
		{0104E957-D6C4-4FD3-8926-68D0EC9FC658}.Release|Any CPU.Build.0 = Release|Any CPU
	EndGlobalSection
	GlobalSection(SolutionProperties) = preSolution
		HideSolutionNode = FALSE
	EndGlobalSection
	GlobalSection(NestedProjects) = preSolution
		{D81C0086-AC3B-4736-BE10-9449ED876EA2} = {7326F14D-ADB6-4CB0-9AE4-2717133CED27}
		{748EA5ED-50B9-484C-905E-3E705BBF7E9D} = {7326F14D-ADB6-4CB0-9AE4-2717133CED27}
		{9EACD23A-8E5B-42F0-B13E-EC31415E15D4} = {7326F14D-ADB6-4CB0-9AE4-2717133CED27}
		{7326F14D-ADB6-4CB0-9AE4-2717133CED27} = {04718F38-85FB-4998-B2FF-AA5B8999BA5D}
		{C1D4867F-93A8-4FEA-902F-F44D500D7457} = {B7172579-75AE-4D50-9328-3B0D80252384}
		{B4EAF579-8327-4B92-8357-8FF12C21755F} = {3F3B23F8-EA95-44B5-B907-5E772A2660E2}
		{64BD34CA-4E7C-4496-825C-844F1B121959} = {3F3B23F8-EA95-44B5-B907-5E772A2660E2}
		{204EA027-0E1D-4B6F-9B01-C3228B02E901} = {B4EAF579-8327-4B92-8357-8FF12C21755F}
		{5B46E1FA-E948-4CF2-8DCD-977FEFDC1763} = {04718F38-85FB-4998-B2FF-AA5B8999BA5D}
		{6BE03F12-3430-4DBC-B669-EE6A4E81D519} = {04718F38-85FB-4998-B2FF-AA5B8999BA5D}
		{8CEF7C08-9C8D-45F2-BEF6-88BDE6F966BF} = {6BE03F12-3430-4DBC-B669-EE6A4E81D519}
		{0104E957-D6C4-4FD3-8926-68D0EC9FC658} = {64BD34CA-4E7C-4496-825C-844F1B121959}
	EndGlobalSection
	GlobalSection(ExtensibilityGlobals) = postSolution
		SolutionGuid = {D91EE91A-4939-4C1D-830D-E09B985FBC2C}
	EndGlobalSection
EndGlobal
